# This file is automatically @generated by Cargo.
# It is not intended for manual editing.
[[package]]
name = "cc"
version = "1.0.59"
source = "registry+https://github.com/rust-lang/crates.io-index"
checksum = "66120af515773fb005778dc07c261bd201ec8ce50bd6e7144c927753fe013381"

[[package]]
name = "hid-rs"
version = "0.1.0"
dependencies = [
 "hidapi",
]

[[package]]
name = "hidapi"
version = "1.2.3"
source = "registry+https://github.com/rust-lang/crates.io-index"
checksum = "5c6ffb97f2ec5835ec73bcea5256fc2cd57a13c5958230778ef97f11900ba661"
dependencies = [
 "cc",
 "libc",
 "pkg-config",
]

[[package]]
name = "libc"
version = "0.2.76"
source = "registry+https://github.com/rust-lang/crates.io-index"
checksum = "755456fae044e6fa1ebbbd1b3e902ae19e73097ed4ed87bb79934a867c007bc3"

[[package]]
name = "pkg-config"
version = "0.3.18"
source = "registry+https://github.com/rust-lang/crates.io-index"
checksum = "d36492546b6af1463394d46f0c834346f31548646f6ba10849802c9c9a27ac33"
